{
  "version": 1,
  "dependencies": {
    "net6.0-windows7.0": {
      "Dalamud.DrunkenToad": {
        "type": "Direct",
        "requested": "[1.2.0, )",
        "resolved": "1.2.0",
        "contentHash": "tyn7QTX48abk9mcyk4OOGdHCDA0uJl5k76s9r6ntMP4NIKSYLCchpB6o4pa350MpY7t+r0sr68C/YIoZSrWcSg==",
        "dependencies": {
          "LiteDB": "5.0.11"
        }
      },
      "DalamudPackager": {
        "type": "Direct",
        "requested": "[2.1.8, )",
        "resolved": "2.1.8",
        "contentHash": "YqagNXs9InxmqkXzq7kLveImxnodkBEicAhydMXVp7dFjC7xb76U6zGgAax4/BWIWfZeWzr5DJyQSev31kj81A=="
      },
      "LiteDB": {
        "type": "Transitive",
        "resolved": "5.0.11",
        "contentHash": "6cL4bOmVCUB0gIK+6qIr68HeqjjHZicPDGQjvJ87mIOvkFsEsJWkIps3yoKNeLpHhJQur++yoQ9Q8gxsdos0xQ=="
      }
    }
  }
}